{
  "name": "@ostdotcom/ost-wallet-sdk-react-native",
  "version": "2.3.14",
  "lockfileVersion": 1,
  "requires": true,
  "dependencies": {
    "lodash.isequal": {
      "version": "4.5.0",
      "resolved": "https://registry.npmjs.org/lodash.isequal/-/lodash.isequal-4.5.0.tgz",
      "integrity": "sha1-QVxEePK8wwEgwizhDtMib30+GOA="
    },
    "react-native-picker-select": {
      "version": "6.5.0",
      "resolved": "https://registry.npmjs.org/react-native-picker-select/-/react-native-picker-select-6.5.0.tgz",
      "integrity": "sha512-VuzQAzs3h1PvKH91OAomWqCqzimSttUFHj1jNzC9K2FZ5OG/OuTo2ri3KkBdPU1PjtakPg6OMxxNBANAXgmceA==",
      "requires": {
        "lodash.isequal": "^4.5.0"
      }
    }
  }
}
